
Microsoft Visual Studio Solution File, Format Version 12.00
# Visual Studio Version 16
VisualStudioVersion = 25.0.1704.2
MinimumVisualStudioVersion = 10.0.40219.1
Project("{FAE04EC0-301F-11D3-BF4B-00C04F79EFBC}") = "MultiVerse", "MultiVerse\MultiVerse.csproj", "{8A8FD7B5-FEF6-4800-85C5-1A29E8FB149B}"
EndProject
Global
	GlobalSection(SolutionConfigurationPlatforms) = preSolution
		Debug|Any CPU = Debug|Any CPU
		Release|Any CPU = Release|Any CPU
	EndGlobalSection
	GlobalSection(ProjectConfigurationPlatforms) = postSolution
		{8A8FD7B5-FEF6-4800-85C5-1A29E8FB149B}.Debug|Any CPU.ActiveCfg = Debug|Any CPU
		{8A8FD7B5-FEF6-4800-85C5-1A29E8FB149B}.Debug|Any CPU.Build.0 = Debug|Any CPU
		{8A8FD7B5-FEF6-4800-85C5-1A29E8FB149B}.Release|Any CPU.ActiveCfg = Release|Any CPU
		{8A8FD7B5-FEF6-4800-85C5-1A29E8FB149B}.Release|Any CPU.Build.0 = Release|Any CPU
	EndGlobalSection
	GlobalSection(SolutionProperties) = preSolution
		HideSolutionNode = FALSE
	EndGlobalSection
	GlobalSection(ExtensibilityGlobals) = postSolution
		SolutionGuid = {CC3F9641-31E5-4309-8DB5-98D6AD18A5F9}
	EndGlobalSection
EndGlobal
